
Microsoft Visual Studio Solution File, Format Version 12.00
# Visual Studio Version 17
VisualStudioVersion = 17.4.33403.182
MinimumVisualStudioVersion = 10.0.40219.1
Project("{FAE04EC0-301F-11D3-BF4B-00C04F79EFBC}") = "Final", "Final\Final.csproj", "{38392D20-0870-483D-8B3F-29FB324719EB}"
EndProject
Global
	GlobalSection(SolutionConfigurationPlatforms) = preSolution
		Debug|Any CPU = Debug|Any CPU
		Release|Any CPU = Release|Any CPU
	EndGlobalSection
	GlobalSection(ProjectConfigurationPlatforms) = postSolution
		{38392D20-0870-483D-8B3F-29FB324719EB}.Debug|Any CPU.ActiveCfg = Debug|Any CPU
		{38392D20-0870-483D-8B3F-29FB324719EB}.Debug|Any CPU.Build.0 = Debug|Any CPU
		{38392D20-0870-483D-8B3F-29FB324719EB}.Release|Any CPU.ActiveCfg = Release|Any CPU
		{38392D20-0870-483D-8B3F-29FB324719EB}.Release|Any CPU.Build.0 = Release|Any CPU
	EndGlobalSection
	GlobalSection(SolutionProperties) = preSolution
		HideSolutionNode = FALSE
	EndGlobalSection
	GlobalSection(ExtensibilityGlobals) = postSolution
		SolutionGuid = {27D03108-CCF7-4923-9901-743DC28FD679}
	EndGlobalSection
EndGlobal
